
Microsoft Visual Studio Solution File, Format Version 12.00
# Visual Studio Version 16
VisualStudioVersion = 16.0.30523.141
MinimumVisualStudioVersion = 10.0.40219.1
Project("{2150E333-8FDC-42A3-9474-1A3956D46DE8}") = "ModuleForm", "ModuleForm", "{2177AAA1-15EE-4740-B66E-00B70970381A}"
EndProject
Project("{FAE04EC0-301F-11D3-BF4B-00C04F79EFBC}") = "Sys.Config", "Config\Sys.Config.csproj", "{9270162B-BC69-431B-850C-3AFD0820DC2B}"
EndProject
Project("{FAE04EC0-301F-11D3-BF4B-00C04F79EFBC}") = "Sys.DbUtilities", "DbUtilities\Sys.DbUtilities.csproj", "{3271FDD0-DDA4-4819-93FC-1995F77D4355}"
EndProject
Project("{FAE04EC0-301F-11D3-BF4B-00C04F79EFBC}") = "Sys.Utilities", "Utilities\Sys.Utilities.csproj", "{6BEB43C2-9C6C-4253-884B-5CF1F5C401BE}"
EndProject
Project("{FAE04EC0-301F-11D3-BF4B-00C04F79EFBC}") = "Sys.SysBusiness", "SysBusiness\Sys.SysBusiness.csproj", "{2D6E749A-26D8-4E43-929E-ABAB2A9DF3A1}"
EndProject
Project("{FAE04EC0-301F-11D3-BF4B-00C04F79EFBC}") = "MainFrame", "MainForm\MainFrame.csproj", "{DD9BC76F-4245-4D8E-8BCA-FD6D49DAA8EF}"
EndProject
Project("{FAE04EC0-301F-11D3-BF4B-00C04F79EFBC}") = "Monitor", "ModuleForm\Monitor\Monitor.csproj", "{BE6FDFB9-FFBF-49F2-A87F-79B19EFBFE9E}"
	ProjectSection(ProjectDependencies) = postProject
		{04A4FF84-FBE0-4C36-915F-72224DB5E304} = {04A4FF84-FBE0-4C36-915F-72224DB5E304}
	EndProjectSection
EndProject
Project("{FAE04EC0-301F-11D3-BF4B-00C04F79EFBC}") = "Communication", "Communication\Communication.csproj", "{335E5C07-9767-40D9-92A3-B13CB5AAFB84}"
EndProject
Project("{FAE04EC0-301F-11D3-BF4B-00C04F79EFBC}") = "ControlLogic", "ControlLogic\ControlLogic.csproj", "{B0874E9A-AE45-4F99-BF99-D3C50F7091E7}"
EndProject
Project("{FAE04EC0-301F-11D3-BF4B-00C04F79EFBC}") = "Setting", "ModuleForm\Setting\Setting.csproj", "{788FF1B3-85A1-4A30-A75F-A278B9BB5579}"
EndProject
Project("{FAE04EC0-301F-11D3-BF4B-00C04F79EFBC}") = "Material", "ModuleForm\Material\Material.csproj", "{04A4FF84-FBE0-4C36-915F-72224DB5E304}"
EndProject
Project("{FAE04EC0-301F-11D3-BF4B-00C04F79EFBC}") = "Authority", "ModuleForm\Authority\Authority.csproj", "{632F54D1-E662-4DD6-A59B-5C341978F20A}"
EndProject
Project("{FAE04EC0-301F-11D3-BF4B-00C04F79EFBC}") = "Param", "ModuleForm\Param\Param.csproj", "{F143CDCB-8946-4361-9C59-26453C3C230B}"
EndProject
Project("{FAE04EC0-301F-11D3-BF4B-00C04F79EFBC}") = "Report", "ModuleForm\Report\Report.csproj", "{D177163B-F610-4E51-88F2-B9C49AC5ADE2}"
EndProject
Global
	GlobalSection(SolutionConfigurationPlatforms) = preSolution
		Debug|Any CPU = Debug|Any CPU
		Debug|x64 = Debug|x64
		Debug|x86 = Debug|x86
		Release|Any CPU = Release|Any CPU
		Release|x64 = Release|x64
		Release|x86 = Release|x86
	EndGlobalSection
	GlobalSection(ProjectConfigurationPlatforms) = postSolution
		{9270162B-BC69-431B-850C-3AFD0820DC2B}.Debug|Any CPU.ActiveCfg = Debug|Any CPU
		{9270162B-BC69-431B-850C-3AFD0820DC2B}.Debug|Any CPU.Build.0 = Debug|Any CPU
		{9270162B-BC69-431B-850C-3AFD0820DC2B}.Debug|x64.ActiveCfg = Debug|x64
		{9270162B-BC69-431B-850C-3AFD0820DC2B}.Debug|x64.Build.0 = Debug|x64
		{9270162B-BC69-431B-850C-3AFD0820DC2B}.Debug|x86.ActiveCfg = Debug|Any CPU
		{9270162B-BC69-431B-850C-3AFD0820DC2B}.Debug|x86.Build.0 = Debug|Any CPU
		{9270162B-BC69-431B-850C-3AFD0820DC2B}.Release|Any CPU.ActiveCfg = Release|Any CPU
		{9270162B-BC69-431B-850C-3AFD0820DC2B}.Release|Any CPU.Build.0 = Release|Any CPU
		{9270162B-BC69-431B-850C-3AFD0820DC2B}.Release|x64.ActiveCfg = Release|x64
		{9270162B-BC69-431B-850C-3AFD0820DC2B}.Release|x64.Build.0 = Release|x64
		{9270162B-BC69-431B-850C-3AFD0820DC2B}.Release|x86.ActiveCfg = Release|Any CPU
		{9270162B-BC69-431B-850C-3AFD0820DC2B}.Release|x86.Build.0 = Release|Any CPU
		{3271FDD0-DDA4-4819-93FC-1995F77D4355}.Debug|Any CPU.ActiveCfg = Debug|Any CPU
		{3271FDD0-DDA4-4819-93FC-1995F77D4355}.Debug|Any CPU.Build.0 = Debug|Any CPU
		{3271FDD0-DDA4-4819-93FC-1995F77D4355}.Debug|x64.ActiveCfg = Debug|x64
		{3271FDD0-DDA4-4819-93FC-1995F77D4355}.Debug|x64.Build.0 = Debug|x64
		{3271FDD0-DDA4-4819-93FC-1995F77D4355}.Debug|x86.ActiveCfg = Debug|Any CPU
		{3271FDD0-DDA4-4819-93FC-1995F77D4355}.Debug|x86.Build.0 = Debug|Any CPU
		{3271FDD0-DDA4-4819-93FC-1995F77D4355}.Release|Any CPU.ActiveCfg = Release|Any CPU
		{3271FDD0-DDA4-4819-93FC-1995F77D4355}.Release|Any CPU.Build.0 = Release|Any CPU
		{3271FDD0-DDA4-4819-93FC-1995F77D4355}.Release|x64.ActiveCfg = Release|x64
		{3271FDD0-DDA4-4819-93FC-1995F77D4355}.Release|x64.Build.0 = Release|x64
		{3271FDD0-DDA4-4819-93FC-1995F77D4355}.Release|x86.ActiveCfg = Release|Any CPU
		{3271FDD0-DDA4-4819-93FC-1995F77D4355}.Release|x86.Build.0 = Release|Any CPU
		{6BEB43C2-9C6C-4253-884B-5CF1F5C401BE}.Debug|Any CPU.ActiveCfg = Debug|Any CPU
		{6BEB43C2-9C6C-4253-884B-5CF1F5C401BE}.Debug|Any CPU.Build.0 = Debug|Any CPU
		{6BEB43C2-9C6C-4253-884B-5CF1F5C401BE}.Debug|x64.ActiveCfg = Debug|x64
		{6BEB43C2-9C6C-4253-884B-5CF1F5C401BE}.Debug|x64.Build.0 = Debug|x64
		{6BEB43C2-9C6C-4253-884B-5CF1F5C401BE}.Debug|x86.ActiveCfg = Debug|Any CPU
		{6BEB43C2-9C6C-4253-884B-5CF1F5C401BE}.Debug|x86.Build.0 = Debug|Any CPU
		{6BEB43C2-9C6C-4253-884B-5CF1F5C401BE}.Release|Any CPU.ActiveCfg = Release|Any CPU
		{6BEB43C2-9C6C-4253-884B-5CF1F5C401BE}.Release|Any CPU.Build.0 = Release|Any CPU
		{6BEB43C2-9C6C-4253-884B-5CF1F5C401BE}.Release|x64.ActiveCfg = Release|x64
		{6BEB43C2-9C6C-4253-884B-5CF1F5C401BE}.Release|x64.Build.0 = Release|x64
		{6BEB43C2-9C6C-4253-884B-5CF1F5C401BE}.Release|x86.ActiveCfg = Release|Any CPU
		{6BEB43C2-9C6C-4253-884B-5CF1F5C401BE}.Release|x86.Build.0 = Release|Any CPU
		{2D6E749A-26D8-4E43-929E-ABAB2A9DF3A1}.Debug|Any CPU.ActiveCfg = Debug|Any CPU
		{2D6E749A-26D8-4E43-929E-ABAB2A9DF3A1}.Debug|Any CPU.Build.0 = Debug|Any CPU
		{2D6E749A-26D8-4E43-929E-ABAB2A9DF3A1}.Debug|x64.ActiveCfg = Debug|x64
		{2D6E749A-26D8-4E43-929E-ABAB2A9DF3A1}.Debug|x64.Build.0 = Debug|x64
		{2D6E749A-26D8-4E43-929E-ABAB2A9DF3A1}.Debug|x86.ActiveCfg = Debug|x86
		{2D6E749A-26D8-4E43-929E-ABAB2A9DF3A1}.Debug|x86.Build.0 = Debug|x86
		{2D6E749A-26D8-4E43-929E-ABAB2A9DF3A1}.Release|Any CPU.ActiveCfg = Release|Any CPU
		{2D6E749A-26D8-4E43-929E-ABAB2A9DF3A1}.Release|Any CPU.Build.0 = Release|Any CPU
		{2D6E749A-26D8-4E43-929E-ABAB2A9DF3A1}.Release|x64.ActiveCfg = Release|x64
		{2D6E749A-26D8-4E43-929E-ABAB2A9DF3A1}.Release|x64.Build.0 = Release|x64
		{2D6E749A-26D8-4E43-929E-ABAB2A9DF3A1}.Release|x86.ActiveCfg = Release|Any CPU
		{2D6E749A-26D8-4E43-929E-ABAB2A9DF3A1}.Release|x86.Build.0 = Release|Any CPU
		{DD9BC76F-4245-4D8E-8BCA-FD6D49DAA8EF}.Debug|Any CPU.ActiveCfg = Debug|Any CPU
		{DD9BC76F-4245-4D8E-8BCA-FD6D49DAA8EF}.Debug|Any CPU.Build.0 = Debug|Any CPU
		{DD9BC76F-4245-4D8E-8BCA-FD6D49DAA8EF}.Debug|x64.ActiveCfg = Debug|Any CPU
		{DD9BC76F-4245-4D8E-8BCA-FD6D49DAA8EF}.Debug|x64.Build.0 = Debug|Any CPU
		{DD9BC76F-4245-4D8E-8BCA-FD6D49DAA8EF}.Debug|x86.ActiveCfg = Debug|Any CPU
		{DD9BC76F-4245-4D8E-8BCA-FD6D49DAA8EF}.Debug|x86.Build.0 = Debug|Any CPU
		{DD9BC76F-4245-4D8E-8BCA-FD6D49DAA8EF}.Release|Any CPU.ActiveCfg = Release|Any CPU
		{DD9BC76F-4245-4D8E-8BCA-FD6D49DAA8EF}.Release|Any CPU.Build.0 = Release|Any CPU
		{DD9BC76F-4245-4D8E-8BCA-FD6D49DAA8EF}.Release|x64.ActiveCfg = Release|Any CPU
		{DD9BC76F-4245-4D8E-8BCA-FD6D49DAA8EF}.Release|x64.Build.0 = Release|Any CPU
		{DD9BC76F-4245-4D8E-8BCA-FD6D49DAA8EF}.Release|x86.ActiveCfg = Release|Any CPU
		{DD9BC76F-4245-4D8E-8BCA-FD6D49DAA8EF}.Release|x86.Build.0 = Release|Any CPU
		{BE6FDFB9-FFBF-49F2-A87F-79B19EFBFE9E}.Debug|Any CPU.ActiveCfg = Debug|Any CPU
		{BE6FDFB9-FFBF-49F2-A87F-79B19EFBFE9E}.Debug|Any CPU.Build.0 = Debug|Any CPU
		{BE6FDFB9-FFBF-49F2-A87F-79B19EFBFE9E}.Debug|x64.ActiveCfg = Debug|x64
		{BE6FDFB9-FFBF-49F2-A87F-79B19EFBFE9E}.Debug|x64.Build.0 = Debug|x64
		{BE6FDFB9-FFBF-49F2-A87F-79B19EFBFE9E}.Debug|x86.ActiveCfg = Debug|Any CPU
		{BE6FDFB9-FFBF-49F2-A87F-79B19EFBFE9E}.Debug|x86.Build.0 = Debug|Any CPU
		{BE6FDFB9-FFBF-49F2-A87F-79B19EFBFE9E}.Release|Any CPU.ActiveCfg = Release|Any CPU
		{BE6FDFB9-FFBF-49F2-A87F-79B19EFBFE9E}.Release|Any CPU.Build.0 = Release|Any CPU
		{BE6FDFB9-FFBF-49F2-A87F-79B19EFBFE9E}.Release|x64.ActiveCfg = Release|x64
		{BE6FDFB9-FFBF-49F2-A87F-79B19EFBFE9E}.Release|x64.Build.0 = Release|x64
		{BE6FDFB9-FFBF-49F2-A87F-79B19EFBFE9E}.Release|x86.ActiveCfg = Release|Any CPU
		{BE6FDFB9-FFBF-49F2-A87F-79B19EFBFE9E}.Release|x86.Build.0 = Release|Any CPU
		{335E5C07-9767-40D9-92A3-B13CB5AAFB84}.Debug|Any CPU.ActiveCfg = Debug|Any CPU
		{335E5C07-9767-40D9-92A3-B13CB5AAFB84}.Debug|Any CPU.Build.0 = Debug|Any CPU
		{335E5C07-9767-40D9-92A3-B13CB5AAFB84}.Debug|x64.ActiveCfg = Debug|x64
		{335E5C07-9767-40D9-92A3-B13CB5AAFB84}.Debug|x64.Build.0 = Debug|x64
		{335E5C07-9767-40D9-92A3-B13CB5AAFB84}.Debug|x86.ActiveCfg = Debug|Any CPU
		{335E5C07-9767-40D9-92A3-B13CB5AAFB84}.Debug|x86.Build.0 = Debug|Any CPU
		{335E5C07-9767-40D9-92A3-B13CB5AAFB84}.Release|Any CPU.ActiveCfg = Release|Any CPU
		{335E5C07-9767-40D9-92A3-B13CB5AAFB84}.Release|Any CPU.Build.0 = Release|Any CPU
		{335E5C07-9767-40D9-92A3-B13CB5AAFB84}.Release|x64.ActiveCfg = Release|x64
		{335E5C07-9767-40D9-92A3-B13CB5AAFB84}.Release|x64.Build.0 = Release|x64
		{335E5C07-9767-40D9-92A3-B13CB5AAFB84}.Release|x86.ActiveCfg = Release|Any CPU
		{335E5C07-9767-40D9-92A3-B13CB5AAFB84}.Release|x86.Build.0 = Release|Any CPU
		{B0874E9A-AE45-4F99-BF99-D3C50F7091E7}.Debug|Any CPU.ActiveCfg = Debug|Any CPU
		{B0874E9A-AE45-4F99-BF99-D3C50F7091E7}.Debug|Any CPU.Build.0 = Debug|Any CPU
		{B0874E9A-AE45-4F99-BF99-D3C50F7091E7}.Debug|x64.ActiveCfg = Debug|x64
		{B0874E9A-AE45-4F99-BF99-D3C50F7091E7}.Debug|x64.Build.0 = Debug|x64
		{B0874E9A-AE45-4F99-BF99-D3C50F7091E7}.Debug|x86.ActiveCfg = Debug|Any CPU
		{B0874E9A-AE45-4F99-BF99-D3C50F7091E7}.Debug|x86.Build.0 = Debug|Any CPU
		{B0874E9A-AE45-4F99-BF99-D3C50F7091E7}.Release|Any CPU.ActiveCfg = Release|Any CPU
		{B0874E9A-AE45-4F99-BF99-D3C50F7091E7}.Release|Any CPU.Build.0 = Release|Any CPU
		{B0874E9A-AE45-4F99-BF99-D3C50F7091E7}.Release|x64.ActiveCfg = Release|x64
		{B0874E9A-AE45-4F99-BF99-D3C50F7091E7}.Release|x64.Build.0 = Release|x64
		{B0874E9A-AE45-4F99-BF99-D3C50F7091E7}.Release|x86.ActiveCfg = Release|Any CPU
		{B0874E9A-AE45-4F99-BF99-D3C50F7091E7}.Release|x86.Build.0 = Release|Any CPU
		{788FF1B3-85A1-4A30-A75F-A278B9BB5579}.Debug|Any CPU.ActiveCfg = Debug|Any CPU
		{788FF1B3-85A1-4A30-A75F-A278B9BB5579}.Debug|Any CPU.Build.0 = Debug|Any CPU
		{788FF1B3-85A1-4A30-A75F-A278B9BB5579}.Debug|x64.ActiveCfg = Debug|x64
		{788FF1B3-85A1-4A30-A75F-A278B9BB5579}.Debug|x64.Build.0 = Debug|x64
		{788FF1B3-85A1-4A30-A75F-A278B9BB5579}.Debug|x86.ActiveCfg = Debug|Any CPU
		{788FF1B3-85A1-4A30-A75F-A278B9BB5579}.Debug|x86.Build.0 = Debug|Any CPU
		{788FF1B3-85A1-4A30-A75F-A278B9BB5579}.Release|Any CPU.ActiveCfg = Release|Any CPU
		{788FF1B3-85A1-4A30-A75F-A278B9BB5579}.Release|Any CPU.Build.0 = Release|Any CPU
		{788FF1B3-85A1-4A30-A75F-A278B9BB5579}.Release|x64.ActiveCfg = Release|x64
		{788FF1B3-85A1-4A30-A75F-A278B9BB5579}.Release|x64.Build.0 = Release|x64
		{788FF1B3-85A1-4A30-A75F-A278B9BB5579}.Release|x86.ActiveCfg = Release|Any CPU
		{788FF1B3-85A1-4A30-A75F-A278B9BB5579}.Release|x86.Build.0 = Release|Any CPU
		{04A4FF84-FBE0-4C36-915F-72224DB5E304}.Debug|Any CPU.ActiveCfg = Debug|Any CPU
		{04A4FF84-FBE0-4C36-915F-72224DB5E304}.Debug|Any CPU.Build.0 = Debug|Any CPU
		{04A4FF84-FBE0-4C36-915F-72224DB5E304}.Debug|x64.ActiveCfg = Debug|x64
		{04A4FF84-FBE0-4C36-915F-72224DB5E304}.Debug|x64.Build.0 = Debug|x64
		{04A4FF84-FBE0-4C36-915F-72224DB5E304}.Debug|x86.ActiveCfg = Debug|x86
		{04A4FF84-FBE0-4C36-915F-72224DB5E304}.Debug|x86.Build.0 = Debug|x86
		{04A4FF84-FBE0-4C36-915F-72224DB5E304}.Release|Any CPU.ActiveCfg = Release|Any CPU
		{04A4FF84-FBE0-4C36-915F-72224DB5E304}.Release|Any CPU.Build.0 = Release|Any CPU
		{04A4FF84-FBE0-4C36-915F-72224DB5E304}.Release|x64.ActiveCfg = Release|x64
		{04A4FF84-FBE0-4C36-915F-72224DB5E304}.Release|x64.Build.0 = Release|x64
		{04A4FF84-FBE0-4C36-915F-72224DB5E304}.Release|x86.ActiveCfg = Release|Any CPU
		{04A4FF84-FBE0-4C36-915F-72224DB5E304}.Release|x86.Build.0 = Release|Any CPU
		{632F54D1-E662-4DD6-A59B-5C341978F20A}.Debug|Any CPU.ActiveCfg = Debug|Any CPU
		{632F54D1-E662-4DD6-A59B-5C341978F20A}.Debug|Any CPU.Build.0 = Debug|Any CPU
		{632F54D1-E662-4DD6-A59B-5C341978F20A}.Debug|x64.ActiveCfg = Debug|x64
		{632F54D1-E662-4DD6-A59B-5C341978F20A}.Debug|x64.Build.0 = Debug|x64
		{632F54D1-E662-4DD6-A59B-5C341978F20A}.Debug|x86.ActiveCfg = Debug|Any CPU
		{632F54D1-E662-4DD6-A59B-5C341978F20A}.Debug|x86.Build.0 = Debug|Any CPU
		{632F54D1-E662-4DD6-A59B-5C341978F20A}.Release|Any CPU.ActiveCfg = Release|Any CPU
		{632F54D1-E662-4DD6-A59B-5C341978F20A}.Release|Any CPU.Build.0 = Release|Any CPU
		{632F54D1-E662-4DD6-A59B-5C341978F20A}.Release|x64.ActiveCfg = Release|x64
		{632F54D1-E662-4DD6-A59B-5C341978F20A}.Release|x64.Build.0 = Release|x64
		{632F54D1-E662-4DD6-A59B-5C341978F20A}.Release|x86.ActiveCfg = Release|Any CPU
		{632F54D1-E662-4DD6-A59B-5C341978F20A}.Release|x86.Build.0 = Release|Any CPU
		{F143CDCB-8946-4361-9C59-26453C3C230B}.Debug|Any CPU.ActiveCfg = Debug|Any CPU
		{F143CDCB-8946-4361-9C59-26453C3C230B}.Debug|Any CPU.Build.0 = Debug|Any CPU
		{F143CDCB-8946-4361-9C59-26453C3C230B}.Debug|x64.ActiveCfg = Debug|x64
		{F143CDCB-8946-4361-9C59-26453C3C230B}.Debug|x64.Build.0 = Debug|x64
		{F143CDCB-8946-4361-9C59-26453C3C230B}.Debug|x86.ActiveCfg = Debug|Any CPU
		{F143CDCB-8946-4361-9C59-26453C3C230B}.Debug|x86.Build.0 = Debug|Any CPU
		{F143CDCB-8946-4361-9C59-26453C3C230B}.Release|Any CPU.ActiveCfg = Release|Any CPU
		{F143CDCB-8946-4361-9C59-26453C3C230B}.Release|Any CPU.Build.0 = Release|Any CPU
		{F143CDCB-8946-4361-9C59-26453C3C230B}.Release|x64.ActiveCfg = Release|x64
		{F143CDCB-8946-4361-9C59-26453C3C230B}.Release|x64.Build.0 = Release|x64
		{F143CDCB-8946-4361-9C59-26453C3C230B}.Release|x86.ActiveCfg = Release|x86
		{F143CDCB-8946-4361-9C59-26453C3C230B}.Release|x86.Build.0 = Release|x86
		{D177163B-F610-4E51-88F2-B9C49AC5ADE2}.Debug|Any CPU.ActiveCfg = Debug|Any CPU
		{D177163B-F610-4E51-88F2-B9C49AC5ADE2}.Debug|Any CPU.Build.0 = Debug|Any CPU
		{D177163B-F610-4E51-88F2-B9C49AC5ADE2}.Debug|x64.ActiveCfg = Debug|x64
		{D177163B-F610-4E51-88F2-B9C49AC5ADE2}.Debug|x64.Build.0 = Debug|x64
		{D177163B-F610-4E51-88F2-B9C49AC5ADE2}.Debug|x86.ActiveCfg = Debug|Any CPU
		{D177163B-F610-4E51-88F2-B9C49AC5ADE2}.Debug|x86.Build.0 = Debug|Any CPU
		{D177163B-F610-4E51-88F2-B9C49AC5ADE2}.Release|Any CPU.ActiveCfg = Release|Any CPU
		{D177163B-F610-4E51-88F2-B9C49AC5ADE2}.Release|Any CPU.Build.0 = Release|Any CPU
		{D177163B-F610-4E51-88F2-B9C49AC5ADE2}.Release|x64.ActiveCfg = Release|x64
		{D177163B-F610-4E51-88F2-B9C49AC5ADE2}.Release|x64.Build.0 = Release|x64
		{D177163B-F610-4E51-88F2-B9C49AC5ADE2}.Release|x86.ActiveCfg = Release|Any CPU
		{D177163B-F610-4E51-88F2-B9C49AC5ADE2}.Release|x86.Build.0 = Release|Any CPU
	EndGlobalSection
	GlobalSection(SolutionProperties) = preSolution
		HideSolutionNode = FALSE
	EndGlobalSection
	GlobalSection(NestedProjects) = preSolution
		{BE6FDFB9-FFBF-49F2-A87F-79B19EFBFE9E} = {2177AAA1-15EE-4740-B66E-00B70970381A}
		{788FF1B3-85A1-4A30-A75F-A278B9BB5579} = {2177AAA1-15EE-4740-B66E-00B70970381A}
		{04A4FF84-FBE0-4C36-915F-72224DB5E304} = {2177AAA1-15EE-4740-B66E-00B70970381A}
		{632F54D1-E662-4DD6-A59B-5C341978F20A} = {2177AAA1-15EE-4740-B66E-00B70970381A}
		{F143CDCB-8946-4361-9C59-26453C3C230B} = {2177AAA1-15EE-4740-B66E-00B70970381A}
		{D177163B-F610-4E51-88F2-B9C49AC5ADE2} = {2177AAA1-15EE-4740-B66E-00B70970381A}
	EndGlobalSection
	GlobalSection(ExtensibilityGlobals) = postSolution
		SolutionGuid = {9D06AFBF-7495-4F17-B5D5-A471C8E7E219}
	EndGlobalSection
EndGlobal
