
Microsoft Visual Studio Solution File, Format Version 12.00
# Visual Studio 14
VisualStudioVersion = 14.0.25420.1
MinimumVisualStudioVersion = 10.0.40219.1
Project("{2150E333-8FDC-42A3-9474-1A3956D46DE8}") = "ModuleForm", "ModuleForm", "{2177AAA1-15EE-4740-B66E-00B70970381A}"
EndProject
Project("{FAE04EC0-301F-11D3-BF4B-00C04F79EFBC}") = "Sys.Config", "Config\Sys.Config.csproj", "{9270162B-BC69-431B-850C-3AFD0820DC2B}"
EndProject
Project("{FAE04EC0-301F-11D3-BF4B-00C04F79EFBC}") = "Sys.DbUtilities", "DbUtilities\Sys.DbUtilities.csproj", "{3271FDD0-DDA4-4819-93FC-1995F77D4355}"
EndProject
Project("{FAE04EC0-301F-11D3-BF4B-00C04F79EFBC}") = "Sys.Utilities", "Utilities\Sys.Utilities.csproj", "{6BEB43C2-9C6C-4253-884B-5CF1F5C401BE}"
EndProject
Project("{FAE04EC0-301F-11D3-BF4B-00C04F79EFBC}") = "Sys.SysBusiness", "SysBusiness\Sys.SysBusiness.csproj", "{2D6E749A-26D8-4E43-929E-ABAB2A9DF3A1}"
EndProject
Project("{FAE04EC0-301F-11D3-BF4B-00C04F79EFBC}") = "MainFrame", "MainForm\MainFrame.csproj", "{DD9BC76F-4245-4D8E-8BCA-FD6D49DAA8EF}"
EndProject
Project("{FAE04EC0-301F-11D3-BF4B-00C04F79EFBC}") = "Material", "ModuleForm\Material\Material.csproj", "{04A4FF84-FBE0-4C36-915F-72224DB5E304}"
EndProject
Project("{FAE04EC0-301F-11D3-BF4B-00C04F79EFBC}") = "Login", "ModuleForm\Login\Login.csproj", "{C1B87AEB-F787-4CE2-A449-233527CB0B5B}"
EndProject
Project("{FAE04EC0-301F-11D3-BF4B-00C04F79EFBC}") = "Monitor", "ModuleForm\Monitor\Monitor.csproj", "{BE6FDFB9-FFBF-49F2-A87F-79B19EFBFE9E}"
EndProject
Project("{FAE04EC0-301F-11D3-BF4B-00C04F79EFBC}") = "ControlLogic", "ControlLogic\ControlLogic.csproj", "{B0874E9A-AE45-4F99-BF99-D3C50F7091E7}"
EndProject
Project("{FAE04EC0-301F-11D3-BF4B-00C04F79EFBC}") = "User", "ModuleForm\User\User.csproj", "{074D12B7-0D27-41E0-A847-99158C91FEC6}"
EndProject
Project("{FAE04EC0-301F-11D3-BF4B-00C04F79EFBC}") = "Option", "ModuleForm\Option\Option.csproj", "{5FE5E982-65A6-4F67-B717-24AE5F3F94CA}"
EndProject
Project("{FAE04EC0-301F-11D3-BF4B-00C04F79EFBC}") = "Authority", "ModuleForm\Authority\Authority.csproj", "{632F54D1-E662-4DD6-A59B-5C341978F20A}"
EndProject
Project("{FAE04EC0-301F-11D3-BF4B-00C04F79EFBC}") = "Communication", "Communication\Communication.csproj", "{335E5C07-9767-40D9-92A3-B13CB5AAFB84}"
EndProject
Project("{FAE04EC0-301F-11D3-BF4B-00C04F79EFBC}") = "Report", "ModuleForm\Report\Report.csproj", "{7448500F-9775-45F4-8B5A-BB85822C345E}"
EndProject
Global
	GlobalSection(SolutionConfigurationPlatforms) = preSolution
		Debug|Any CPU = Debug|Any CPU
		Release|Any CPU = Release|Any CPU
	EndGlobalSection
	GlobalSection(ProjectConfigurationPlatforms) = postSolution
		{9270162B-BC69-431B-850C-3AFD0820DC2B}.Debug|Any CPU.ActiveCfg = Debug|Any CPU
		{9270162B-BC69-431B-850C-3AFD0820DC2B}.Debug|Any CPU.Build.0 = Debug|Any CPU
		{9270162B-BC69-431B-850C-3AFD0820DC2B}.Release|Any CPU.ActiveCfg = Release|Any CPU
		{9270162B-BC69-431B-850C-3AFD0820DC2B}.Release|Any CPU.Build.0 = Release|Any CPU
		{3271FDD0-DDA4-4819-93FC-1995F77D4355}.Debug|Any CPU.ActiveCfg = Debug|Any CPU
		{3271FDD0-DDA4-4819-93FC-1995F77D4355}.Debug|Any CPU.Build.0 = Debug|Any CPU
		{3271FDD0-DDA4-4819-93FC-1995F77D4355}.Release|Any CPU.ActiveCfg = Release|Any CPU
		{3271FDD0-DDA4-4819-93FC-1995F77D4355}.Release|Any CPU.Build.0 = Release|Any CPU
		{6BEB43C2-9C6C-4253-884B-5CF1F5C401BE}.Debug|Any CPU.ActiveCfg = Debug|Any CPU
		{6BEB43C2-9C6C-4253-884B-5CF1F5C401BE}.Debug|Any CPU.Build.0 = Debug|Any CPU
		{6BEB43C2-9C6C-4253-884B-5CF1F5C401BE}.Release|Any CPU.ActiveCfg = Release|Any CPU
		{6BEB43C2-9C6C-4253-884B-5CF1F5C401BE}.Release|Any CPU.Build.0 = Release|Any CPU
		{2D6E749A-26D8-4E43-929E-ABAB2A9DF3A1}.Debug|Any CPU.ActiveCfg = Debug|Any CPU
		{2D6E749A-26D8-4E43-929E-ABAB2A9DF3A1}.Debug|Any CPU.Build.0 = Debug|Any CPU
		{2D6E749A-26D8-4E43-929E-ABAB2A9DF3A1}.Release|Any CPU.ActiveCfg = Release|Any CPU
		{2D6E749A-26D8-4E43-929E-ABAB2A9DF3A1}.Release|Any CPU.Build.0 = Release|Any CPU
		{DD9BC76F-4245-4D8E-8BCA-FD6D49DAA8EF}.Debug|Any CPU.ActiveCfg = Debug|Any CPU
		{DD9BC76F-4245-4D8E-8BCA-FD6D49DAA8EF}.Debug|Any CPU.Build.0 = Debug|Any CPU
		{DD9BC76F-4245-4D8E-8BCA-FD6D49DAA8EF}.Release|Any CPU.ActiveCfg = Release|Any CPU
		{DD9BC76F-4245-4D8E-8BCA-FD6D49DAA8EF}.Release|Any CPU.Build.0 = Release|Any CPU
		{04A4FF84-FBE0-4C36-915F-72224DB5E304}.Debug|Any CPU.ActiveCfg = Debug|Any CPU
		{04A4FF84-FBE0-4C36-915F-72224DB5E304}.Debug|Any CPU.Build.0 = Debug|Any CPU
		{04A4FF84-FBE0-4C36-915F-72224DB5E304}.Release|Any CPU.ActiveCfg = Release|Any CPU
		{04A4FF84-FBE0-4C36-915F-72224DB5E304}.Release|Any CPU.Build.0 = Release|Any CPU
		{C1B87AEB-F787-4CE2-A449-233527CB0B5B}.Debug|Any CPU.ActiveCfg = Debug|Any CPU
		{C1B87AEB-F787-4CE2-A449-233527CB0B5B}.Debug|Any CPU.Build.0 = Debug|Any CPU
		{C1B87AEB-F787-4CE2-A449-233527CB0B5B}.Release|Any CPU.ActiveCfg = Release|Any CPU
		{C1B87AEB-F787-4CE2-A449-233527CB0B5B}.Release|Any CPU.Build.0 = Release|Any CPU
		{BE6FDFB9-FFBF-49F2-A87F-79B19EFBFE9E}.Debug|Any CPU.ActiveCfg = Debug|Any CPU
		{BE6FDFB9-FFBF-49F2-A87F-79B19EFBFE9E}.Debug|Any CPU.Build.0 = Debug|Any CPU
		{BE6FDFB9-FFBF-49F2-A87F-79B19EFBFE9E}.Release|Any CPU.ActiveCfg = Release|Any CPU
		{BE6FDFB9-FFBF-49F2-A87F-79B19EFBFE9E}.Release|Any CPU.Build.0 = Release|Any CPU
		{B0874E9A-AE45-4F99-BF99-D3C50F7091E7}.Debug|Any CPU.ActiveCfg = Debug|Any CPU
		{B0874E9A-AE45-4F99-BF99-D3C50F7091E7}.Debug|Any CPU.Build.0 = Debug|Any CPU
		{B0874E9A-AE45-4F99-BF99-D3C50F7091E7}.Release|Any CPU.ActiveCfg = Release|Any CPU
		{B0874E9A-AE45-4F99-BF99-D3C50F7091E7}.Release|Any CPU.Build.0 = Release|Any CPU
		{074D12B7-0D27-41E0-A847-99158C91FEC6}.Debug|Any CPU.ActiveCfg = Debug|Any CPU
		{074D12B7-0D27-41E0-A847-99158C91FEC6}.Debug|Any CPU.Build.0 = Debug|Any CPU
		{074D12B7-0D27-41E0-A847-99158C91FEC6}.Release|Any CPU.ActiveCfg = Release|Any CPU
		{074D12B7-0D27-41E0-A847-99158C91FEC6}.Release|Any CPU.Build.0 = Release|Any CPU
		{5FE5E982-65A6-4F67-B717-24AE5F3F94CA}.Debug|Any CPU.ActiveCfg = Debug|Any CPU
		{5FE5E982-65A6-4F67-B717-24AE5F3F94CA}.Debug|Any CPU.Build.0 = Debug|Any CPU
		{5FE5E982-65A6-4F67-B717-24AE5F3F94CA}.Release|Any CPU.ActiveCfg = Release|Any CPU
		{5FE5E982-65A6-4F67-B717-24AE5F3F94CA}.Release|Any CPU.Build.0 = Release|Any CPU
		{632F54D1-E662-4DD6-A59B-5C341978F20A}.Debug|Any CPU.ActiveCfg = Debug|Any CPU
		{632F54D1-E662-4DD6-A59B-5C341978F20A}.Debug|Any CPU.Build.0 = Debug|Any CPU
		{632F54D1-E662-4DD6-A59B-5C341978F20A}.Release|Any CPU.ActiveCfg = Release|Any CPU
		{632F54D1-E662-4DD6-A59B-5C341978F20A}.Release|Any CPU.Build.0 = Release|Any CPU
		{335E5C07-9767-40D9-92A3-B13CB5AAFB84}.Debug|Any CPU.ActiveCfg = Debug|Any CPU
		{335E5C07-9767-40D9-92A3-B13CB5AAFB84}.Debug|Any CPU.Build.0 = Debug|Any CPU
		{335E5C07-9767-40D9-92A3-B13CB5AAFB84}.Release|Any CPU.ActiveCfg = Release|Any CPU
		{335E5C07-9767-40D9-92A3-B13CB5AAFB84}.Release|Any CPU.Build.0 = Release|Any CPU
		{7448500F-9775-45F4-8B5A-BB85822C345E}.Debug|Any CPU.ActiveCfg = Debug|Any CPU
		{7448500F-9775-45F4-8B5A-BB85822C345E}.Debug|Any CPU.Build.0 = Debug|Any CPU
		{7448500F-9775-45F4-8B5A-BB85822C345E}.Release|Any CPU.ActiveCfg = Release|Any CPU
		{7448500F-9775-45F4-8B5A-BB85822C345E}.Release|Any CPU.Build.0 = Release|Any CPU
	EndGlobalSection
	GlobalSection(SolutionProperties) = preSolution
		HideSolutionNode = FALSE
	EndGlobalSection
	GlobalSection(NestedProjects) = preSolution
		{04A4FF84-FBE0-4C36-915F-72224DB5E304} = {2177AAA1-15EE-4740-B66E-00B70970381A}
		{C1B87AEB-F787-4CE2-A449-233527CB0B5B} = {2177AAA1-15EE-4740-B66E-00B70970381A}
		{BE6FDFB9-FFBF-49F2-A87F-79B19EFBFE9E} = {2177AAA1-15EE-4740-B66E-00B70970381A}
		{074D12B7-0D27-41E0-A847-99158C91FEC6} = {2177AAA1-15EE-4740-B66E-00B70970381A}
		{5FE5E982-65A6-4F67-B717-24AE5F3F94CA} = {2177AAA1-15EE-4740-B66E-00B70970381A}
		{632F54D1-E662-4DD6-A59B-5C341978F20A} = {2177AAA1-15EE-4740-B66E-00B70970381A}
		{7448500F-9775-45F4-8B5A-BB85822C345E} = {2177AAA1-15EE-4740-B66E-00B70970381A}
	EndGlobalSection
EndGlobal
